
Microsoft Visual Studio Solution File, Format Version 12.00
# Visual Studio Version 17
VisualStudioVersion = 17.5.2.0
MinimumVisualStudioVersion = 10.0.40219.1
Project("{FAE04EC0-301F-11D3-BF4B-00C04F79EFBC}") = "Test", "Test\Test.csproj", "{EA1F05F1-E431-4D64-8BA0-0A6E24911738}"
EndProject
Project("{FAE04EC0-301F-11D3-BF4B-00C04F79EFBC}") = "Compiler", "Compiler\Compiler.csproj", "{CD9009B7-5529-41BB-9FC2-8582B518E90D}"
EndProject
Project("{FAE04EC0-301F-11D3-BF4B-00C04F79EFBC}") = "Visual", "Visual\Visual.csproj", "{AF4E8A17-0AAA-41C3-905E-5481712B2C32}"
EndProject
Global
	GlobalSection(SolutionConfigurationPlatforms) = preSolution
		Debug|Any CPU = Debug|Any CPU
		Debug|x64 = Debug|x64
		Debug|x86 = Debug|x86
		Release|Any CPU = Release|Any CPU
		Release|x64 = Release|x64
		Release|x86 = Release|x86
	EndGlobalSection
	GlobalSection(ProjectConfigurationPlatforms) = postSolution
		{EA1F05F1-E431-4D64-8BA0-0A6E24911738}.Debug|Any CPU.ActiveCfg = Debug|Any CPU
		{EA1F05F1-E431-4D64-8BA0-0A6E24911738}.Debug|Any CPU.Build.0 = Debug|Any CPU
		{EA1F05F1-E431-4D64-8BA0-0A6E24911738}.Debug|x64.ActiveCfg = Debug|Any CPU
		{EA1F05F1-E431-4D64-8BA0-0A6E24911738}.Debug|x64.Build.0 = Debug|Any CPU
		{EA1F05F1-E431-4D64-8BA0-0A6E24911738}.Debug|x86.ActiveCfg = Debug|Any CPU
		{EA1F05F1-E431-4D64-8BA0-0A6E24911738}.Debug|x86.Build.0 = Debug|Any CPU
		{EA1F05F1-E431-4D64-8BA0-0A6E24911738}.Release|Any CPU.ActiveCfg = Release|Any CPU
		{EA1F05F1-E431-4D64-8BA0-0A6E24911738}.Release|Any CPU.Build.0 = Release|Any CPU
		{EA1F05F1-E431-4D64-8BA0-0A6E24911738}.Release|x64.ActiveCfg = Release|Any CPU
		{EA1F05F1-E431-4D64-8BA0-0A6E24911738}.Release|x64.Build.0 = Release|Any CPU
		{EA1F05F1-E431-4D64-8BA0-0A6E24911738}.Release|x86.ActiveCfg = Release|Any CPU
		{EA1F05F1-E431-4D64-8BA0-0A6E24911738}.Release|x86.Build.0 = Release|Any CPU
		{CD9009B7-5529-41BB-9FC2-8582B518E90D}.Debug|Any CPU.ActiveCfg = Debug|Any CPU
		{CD9009B7-5529-41BB-9FC2-8582B518E90D}.Debug|Any CPU.Build.0 = Debug|Any CPU
		{CD9009B7-5529-41BB-9FC2-8582B518E90D}.Debug|x64.ActiveCfg = Debug|Any CPU
		{CD9009B7-5529-41BB-9FC2-8582B518E90D}.Debug|x64.Build.0 = Debug|Any CPU
		{CD9009B7-5529-41BB-9FC2-8582B518E90D}.Debug|x86.ActiveCfg = Debug|Any CPU
		{CD9009B7-5529-41BB-9FC2-8582B518E90D}.Debug|x86.Build.0 = Debug|Any CPU
		{CD9009B7-5529-41BB-9FC2-8582B518E90D}.Release|Any CPU.ActiveCfg = Release|Any CPU
		{CD9009B7-5529-41BB-9FC2-8582B518E90D}.Release|Any CPU.Build.0 = Release|Any CPU
		{CD9009B7-5529-41BB-9FC2-8582B518E90D}.Release|x64.ActiveCfg = Release|Any CPU
		{CD9009B7-5529-41BB-9FC2-8582B518E90D}.Release|x64.Build.0 = Release|Any CPU
		{CD9009B7-5529-41BB-9FC2-8582B518E90D}.Release|x86.ActiveCfg = Release|Any CPU
		{CD9009B7-5529-41BB-9FC2-8582B518E90D}.Release|x86.Build.0 = Release|Any CPU
		{AF4E8A17-0AAA-41C3-905E-5481712B2C32}.Debug|Any CPU.ActiveCfg = Debug|Any CPU
		{AF4E8A17-0AAA-41C3-905E-5481712B2C32}.Debug|Any CPU.Build.0 = Debug|Any CPU
		{AF4E8A17-0AAA-41C3-905E-5481712B2C32}.Debug|x64.ActiveCfg = Debug|Any CPU
		{AF4E8A17-0AAA-41C3-905E-5481712B2C32}.Debug|x64.Build.0 = Debug|Any CPU
		{AF4E8A17-0AAA-41C3-905E-5481712B2C32}.Debug|x86.ActiveCfg = Debug|Any CPU
		{AF4E8A17-0AAA-41C3-905E-5481712B2C32}.Debug|x86.Build.0 = Debug|Any CPU
		{AF4E8A17-0AAA-41C3-905E-5481712B2C32}.Release|Any CPU.ActiveCfg = Release|Any CPU
		{AF4E8A17-0AAA-41C3-905E-5481712B2C32}.Release|Any CPU.Build.0 = Release|Any CPU
		{AF4E8A17-0AAA-41C3-905E-5481712B2C32}.Release|x64.ActiveCfg = Release|Any CPU
		{AF4E8A17-0AAA-41C3-905E-5481712B2C32}.Release|x64.Build.0 = Release|Any CPU
		{AF4E8A17-0AAA-41C3-905E-5481712B2C32}.Release|x86.ActiveCfg = Release|Any CPU
		{AF4E8A17-0AAA-41C3-905E-5481712B2C32}.Release|x86.Build.0 = Release|Any CPU
	EndGlobalSection
	GlobalSection(SolutionProperties) = preSolution
		HideSolutionNode = FALSE
	EndGlobalSection
	GlobalSection(ExtensibilityGlobals) = postSolution
		SolutionGuid = {65547AF2-5BEF-4E77-9DC6-0F81F48C8FF0}
	EndGlobalSection
EndGlobal
